
Microsoft Visual Studio Solution File, Format Version 12.00
# Visual Studio 15
VisualStudioVersion = 15.0.26403.7
MinimumVisualStudioVersion = 10.0.40219.1
Project("{8BC9CEB8-8B4A-11D0-8D11-00A0C91BC942}") = "Behavior-Detection", "Behavior-Detection\Behavior-Detection.vcxproj", "{054C6298-5E90-4470-B01D-9BDFDA1005FC}"
EndProject
Global
	GlobalSection(SolutionConfigurationPlatforms) = preSolution
		Debug|x64 = Debug|x64
		Debug|x86 = Debug|x86
		Release|x64 = Release|x64
		Release|x86 = Release|x86
	EndGlobalSection
	GlobalSection(ProjectConfigurationPlatforms) = postSolution
		{054C6298-5E90-4470-B01D-9BDFDA1005FC}.Debug|x64.ActiveCfg = Debug|x64
		{054C6298-5E90-4470-B01D-9BDFDA1005FC}.Debug|x64.Build.0 = Debug|x64
		{054C6298-5E90-4470-B01D-9BDFDA1005FC}.Debug|x86.ActiveCfg = Debug|Win32
		{054C6298-5E90-4470-B01D-9BDFDA1005FC}.Debug|x86.Build.0 = Debug|Win32
		{054C6298-5E90-4470-B01D-9BDFDA1005FC}.Release|x64.ActiveCfg = Release|x64
		{054C6298-5E90-4470-B01D-9BDFDA1005FC}.Release|x64.Build.0 = Release|x64
		{054C6298-5E90-4470-B01D-9BDFDA1005FC}.Release|x86.ActiveCfg = Release|Win32
		{054C6298-5E90-4470-B01D-9BDFDA1005FC}.Release|x86.Build.0 = Release|Win32
	EndGlobalSection
	GlobalSection(SolutionProperties) = preSolution
		HideSolutionNode = FALSE
	EndGlobalSection
EndGlobal
